// !$*UTF8*$!
{
	archiveVersion = 1;
	classes = {
	};
	objectVersion = 46;
	objects = {

/* Begin PBXBuildFile section */
		DE2E3012182D9E1C001DA545 /* Foundation.framework in Frameworks */ = {isa = PBXBuildFile; fileRef = DE2E3011182D9E1C001DA545 /* Foundation.framework */; };
		DE2E3014182D9E1C001DA545 /* CoreGraphics.framework in Frameworks */ = {isa = PBXBuildFile; fileRef = DE2E3013182D9E1C001DA545 /* CoreGraphics.framework */; };
		DE2E3016182D9E1C001DA545 /* UIKit.framework in Frameworks */ = {isa = PBXBuildFile; fileRef = DE2E3015182D9E1C001DA545 /* UIKit.framework */; };
		DE2E301C182D9E1C001DA545 /* InfoPlist.strings in Resources */ = {isa = PBXBuildFile; fileRef = DE2E301A182D9E1C001DA545 /* InfoPlist.strings */; };
		DE2E301E182D9E1C001DA545 /* main.m in Sources */ = {isa = PBXBuildFile; fileRef = DE2E301D182D9E1C001DA545 /* main.m */; };
		DE2E3022182D9E1C001DA545 /* SquashAppDelegate.m in Sources */ = {isa = PBXBuildFile; fileRef = DE2E3021182D9E1C001DA545 /* SquashAppDelegate.m */; };
		DE2E3025182D9E1C001DA545 /* Main.storyboard in Resources */ = {isa = PBXBuildFile; fileRef = DE2E3023182D9E1C001DA545 /* Main.storyboard */; };
		DE2E3028182D9E1C001DA545 /* SquashMasterViewController.m in Sources */ = {isa = PBXBuildFile; fileRef = DE2E3027182D9E1C001DA545 /* SquashMasterViewController.m */; };
		DE2E302B182D9E1C001DA545 /* SquashDetailViewController.m in Sources */ = {isa = PBXBuildFile; fileRef = DE2E302A182D9E1C001DA545 /* SquashDetailViewController.m */; };
		DE2E302D182D9E1C001DA545 /* Images.xcassets in Resources */ = {isa = PBXBuildFile; fileRef = DE2E302C182D9E1C001DA545 /* Images.xcassets */; };
		DE2E3034182D9E1C001DA545 /* XCTest.framework in Frameworks */ = {isa = PBXBuildFile; fileRef = DE2E3033182D9E1C001DA545 /* XCTest.framework */; };
		DE2E3035182D9E1C001DA545 /* Foundation.framework in Frameworks */ = {isa = PBXBuildFile; fileRef = DE2E3011182D9E1C001DA545 /* Foundation.framework */; };
		DE2E3036182D9E1C001DA545 /* UIKit.framework in Frameworks */ = {isa = PBXBuildFile; fileRef = DE2E3015182D9E1C001DA545 /* UIKit.framework */; };
		DE2E303E182D9E1C001DA545 /* InfoPlist.strings in Resources */ = {isa = PBXBuildFile; fileRef = DE2E303C182D9E1C001DA545 /* InfoPlist.strings */; };
		DE2E3040182D9E1C001DA545 /* SquashAppBaseTests.m in Sources */ = {isa = PBXBuildFile; fileRef = DE2E303F182D9E1C001DA545 /* SquashAppBaseTests.m */; };
/* End PBXBuildFile section */

/* Begin PBXContainerItemProxy section */
		DE2E3037182D9E1C001DA545 /* PBXContainerItemProxy */ = {
			isa = PBXContainerItemProxy;
			containerPortal = DE2E3006182D9E1C001DA545 /* Project object */;
			proxyType = 1;
			remoteGlobalIDString = DE2E300D182D9E1C001DA545;
			remoteInfo = SquashAppBase;
		};
/* End PBXContainerItemProxy section */

/* Begin PBXFileReference section */
		DE2E300E182D9E1C001DA545 /* SquashAppBase.app */ = {isa = PBXFileReference; explicitFileType = wrapper.application; includeInIndex = 0; path = SquashAppBase.app; sourceTree = BUILT_PRODUCTS_DIR; };
		DE2E3011182D9E1C001DA545 /* Foundation.framework */ = {isa = PBXFileReference; lastKnownFileType = wrapper.framework; name = Foundation.framework; path = System/Library/Frameworks/Foundation.framework; sourceTree = SDKROOT; };
		DE2E3013182D9E1C001DA545 /* CoreGraphics.framework */ = {isa = PBXFileReference; lastKnownFileType = wrapper.framework; name = CoreGraphics.framework; path = System/Library/Frameworks/CoreGraphics.framework; sourceTree = SDKROOT; };
		DE2E3015182D9E1C001DA545 /* UIKit.framework */ = {isa = PBXFileReference; lastKnownFileType = wrapper.framework; name = UIKit.framework; path = System/Library/Frameworks/UIKit.framework; sourceTree = SDKROOT; };
		DE2E3019182D9E1C001DA545 /* SquashAppBase-Info.plist */ = {isa = PBXFileReference; lastKnownFileType = text.plist.xml; path = "SquashAppBase-Info.plist"; sourceTree = "<group>"; };
		DE2E301B182D9E1C001DA545 /* en */ = {isa = PBXFileReference; lastKnownFileType = text.plist.strings; name = en; path = en.lproj/InfoPlist.strings; sourceTree = "<group>"; };
		DE2E301D182D9E1C001DA545 /* main.m */ = {isa = PBXFileReference; lastKnownFileType = sourcecode.c.objc; path = main.m; sourceTree = "<group>"; };
		DE2E301F182D9E1C001DA545 /* SquashAppBase-Prefix.pch */ = {isa = PBXFileReference; lastKnownFileType = sourcecode.c.h; path = "SquashAppBase-Prefix.pch"; sourceTree = "<group>"; };
		DE2E3020182D9E1C001DA545 /* SquashAppDelegate.h */ = {isa = PBXFileReference; lastKnownFileType = sourcecode.c.h; path = SquashAppDelegate.h; sourceTree = "<group>"; };
		DE2E3021182D9E1C001DA545 /* SquashAppDelegate.m */ = {isa = PBXFileReference; lastKnownFileType = sourcecode.c.objc; path = SquashAppDelegate.m; sourceTree = "<group>"; };
		DE2E3024182D9E1C001DA545 /* Base */ = {isa = PBXFileReference; lastKnownFileType = file.storyboard; name = Base; path = Base.lproj/Main.storyboard; sourceTree = "<group>"; };
		DE2E3026182D9E1C001DA545 /* SquashMasterViewController.h */ = {isa = PBXFileReference; lastKnownFileType = sourcecode.c.h; path = SquashMasterViewController.h; sourceTree = "<group>"; };
		DE2E3027182D9E1C001DA545 /* SquashMasterViewController.m */ = {isa = PBXFileReference; lastKnownFileType = sourcecode.c.objc; path = SquashMasterViewController.m; sourceTree = "<group>"; };
		DE2E3029182D9E1C001DA545 /* SquashDetailViewController.h */ = {isa = PBXFileReference; lastKnownFileType = sourcecode.c.h; path = SquashDetailViewController.h; sourceTree = "<group>"; };
		DE2E302A182D9E1C001DA545 /* SquashDetailViewController.m */ = {isa = PBXFileReference; lastKnownFileType = sourcecode.c.objc; path = SquashDetailViewController.m; sourceTree = "<group>"; };
		DE2E302C182D9E1C001DA545 /* Images.xcassets */ = {isa = PBXFileReference; lastKnownFileType = folder.assetcatalog; path = Images.xcassets; sourceTree = "<group>"; };
		DE2E3032182D9E1C001DA545 /* SquashAppBaseTests.xctest */ = {isa = PBXFileReference; explicitFileType = wrapper.cfbundle; includeInIndex = 0; path = SquashAppBaseTests.xctest; sourceTree = BUILT_PRODUCTS_DIR; };
		DE2E3033182D9E1C001DA545 /* XCTest.framework */ = {isa = PBXFileReference; lastKnownFileType = wrapper.framework; name = XCTest.framework; path = Library/Frameworks/XCTest.framework; sourceTree = DEVELOPER_DIR; };
		DE2E303B182D9E1C001DA545 /* SquashAppBaseTests-Info.plist */ = {isa = PBXFileReference; lastKnownFileType = text.plist.xml; path = "SquashAppBaseTests-Info.plist"; sourceTree = "<group>"; };
		DE2E303D182D9E1C001DA545 /* en */ = {isa = PBXFileReference; lastKnownFileType = text.plist.strings; name = en; path = en.lproj/InfoPlist.strings; sourceTree = "<group>"; };
		DE2E303F182D9E1C001DA545 /* SquashAppBaseTests.m */ = {isa = PBXFileReference; lastKnownFileType = sourcecode.c.objc; path = SquashAppBaseTests.m; sourceTree = "<group>"; };
/* End PBXFileReference section */

/* Begin PBXFrameworksBuildPhase section */
		DE2E300B182D9E1C001DA545 /* Frameworks */ = {
			isa = PBXFrameworksBuildPhase;
			buildActionMask = 2147483647;
			files = (
				DE2E3014182D9E1C001DA545 /* CoreGraphics.framework in Frameworks */,
				DE2E3016182D9E1C001DA545 /* UIKit.framework in Frameworks */,
				DE2E3012182D9E1C001DA545 /* Foundation.framework in Frameworks */,
			);
			runOnlyForDeploymentPostprocessing = 0;
		};
		DE2E302F182D9E1C001DA545 /* Frameworks */ = {
			isa = PBXFrameworksBuildPhase;
			buildActionMask = 2147483647;
			files = (
				DE2E3034182D9E1C001DA545 /* XCTest.framework in Frameworks */,
				DE2E3036182D9E1C001DA545 /* UIKit.framework in Frameworks */,
				DE2E3035182D9E1C001DA545 /* Foundation.framework in Frameworks */,
			);
			runOnlyForDeploymentPostprocessing = 0;
		};
/* End PBXFrameworksBuildPhase section */

/* Begin PBXGroup section */
		DE2E3005182D9E1C001DA545 = {
			isa = PBXGroup;
			children = (
				DE2E3017182D9E1C001DA545 /* SquashAppBase */,
				DE2E3039182D9E1C001DA545 /* SquashAppBaseTests */,
				DE2E3010182D9E1C001DA545 /* Frameworks */,
				DE2E300F182D9E1C001DA545 /* Products */,
			);
			sourceTree = "<group>";
		};
		DE2E300F182D9E1C001DA545 /* Products */ = {
			isa = PBXGroup;
			children = (
				DE2E300E182D9E1C001DA545 /* SquashAppBase.app */,
				DE2E3032182D9E1C001DA545 /* SquashAppBaseTests.xctest */,
			);
			name = Products;
			sourceTree = "<group>";
		};
		DE2E3010182D9E1C001DA545 /* Frameworks */ = {
			isa = PBXGroup;
			children = (
				DE2E3011182D9E1C001DA545 /* Foundation.framework */,
				DE2E3013182D9E1C001DA545 /* CoreGraphics.framework */,
				DE2E3015182D9E1C001DA545 /* UIKit.framework */,
				DE2E3033182D9E1C001DA545 /* XCTest.framework */,
			);
			name = Frameworks;
			sourceTree = "<group>";
		};
		DE2E3017182D9E1C001DA545 /* SquashAppBase */ = {
			isa = PBXGroup;
			children = (
				DE2E3020182D9E1C001DA545 /* SquashAppDelegate.h */,
				DE2E3021182D9E1C001DA545 /* SquashAppDelegate.m */,
				DE2E3023182D9E1C001DA545 /* Main.storyboard */,
				DE2E3026182D9E1C001DA545 /* SquashMasterViewController.h */,
				DE2E3027182D9E1C001DA545 /* SquashMasterViewController.m */,
				DE2E3029182D9E1C001DA545 /* SquashDetailViewController.h */,
				DE2E302A182D9E1C001DA545 /* SquashDetailViewController.m */,
				DE2E302C182D9E1C001DA545 /* Images.xcassets */,
				DE2E3018182D9E1C001DA545 /* Supporting Files */,
			);
			path = SquashAppBase;
			sourceTree = "<group>";
		};
		DE2E3018182D9E1C001DA545 /* Supporting Files */ = {
			isa = PBXGroup;
			children = (
				DE2E3019182D9E1C001DA545 /* SquashAppBase-Info.plist */,
				DE2E301A182D9E1C001DA545 /* InfoPlist.strings */,
				DE2E301D182D9E1C001DA545 /* main.m */,
				DE2E301F182D9E1C001DA545 /* SquashAppBase-Prefix.pch */,
			);
			name = "Supporting Files";
			sourceTree = "<group>";
		};
		DE2E3039182D9E1C001DA545 /* SquashAppBaseTests */ = {
			isa = PBXGroup;
			children = (
				DE2E303F182D9E1C001DA545 /* SquashAppBaseTests.m */,
				DE2E303A182D9E1C001DA545 /* Supporting Files */,
			);
			path = SquashAppBaseTests;
			sourceTree = "<group>";
		};
		DE2E303A182D9E1C001DA545 /* Supporting Files */ = {
			isa = PBXGroup;
			children = (
				DE2E303B182D9E1C001DA545 /* SquashAppBaseTests-Info.plist */,
				DE2E303C182D9E1C001DA545 /* InfoPlist.strings */,
			);
			name = "Supporting Files";
			sourceTree = "<group>";
		};
/* End PBXGroup section */

/* Begin PBXNativeTarget section */
		DE2E300D182D9E1C001DA545 /* SquashAppBase */ = {
			isa = PBXNativeTarget;
			buildConfigurationList = DE2E3043182D9E1C001DA545 /* Build configuration list for PBXNativeTarget "SquashAppBase" */;
			buildPhases = (
				DE2E300A182D9E1C001DA545 /* Sources */,
				DE2E300B182D9E1C001DA545 /* Frameworks */,
				DE2E300C182D9E1C001DA545 /* Resources */,
			);
			buildRules = (
			);
			dependencies = (
			);
			name = SquashAppBase;
			productName = SquashAppBase;
			productReference = DE2E300E182D9E1C001DA545 /* SquashAppBase.app */;
			productType = "com.apple.product-type.application";
		};
		DE2E3031182D9E1C001DA545 /* SquashAppBaseTests */ = {
			isa = PBXNativeTarget;
			buildConfigurationList = DE2E3046182D9E1C001DA545 /* Build configuration list for PBXNativeTarget "SquashAppBaseTests" */;
			buildPhases = (
				DE2E302E182D9E1C001DA545 /* Sources */,
				DE2E302F182D9E1C001DA545 /* Frameworks */,
				DE2E3030182D9E1C001DA545 /* Resources */,
			);
			buildRules = (
			);
			dependencies = (
				DE2E3038182D9E1C001DA545 /* PBXTargetDependency */,
			);
			name = SquashAppBaseTests;
			productName = SquashAppBaseTests;
			productReference = DE2E3032182D9E1C001DA545 /* SquashAppBaseTests.xctest */;
			productType = "com.apple.product-type.bundle.unit-test";
		};
/* End PBXNativeTarget section */

/* Begin PBXProject section */
		DE2E3006182D9E1C001DA545 /* Project object */ = {
			isa = PBXProject;
			attributes = {
				CLASSPREFIX = Squash;
				LastUpgradeCheck = 0500;
				ORGANIZATIONNAME = "Jack O'Shea";
				TargetAttributes = {
					DE2E3031182D9E1C001DA545 = {
						TestTargetID = DE2E300D182D9E1C001DA545;
					};
				};
			};
			buildConfigurationList = DE2E3009182D9E1C001DA545 /* Build configuration list for PBXProject "SquashAppBase" */;
			compatibilityVersion = "Xcode 3.2";
			developmentRegion = English;
			hasScannedForEncodings = 0;
			knownRegions = (
				en,
				Base,
			);
			mainGroup = DE2E3005182D9E1C001DA545;
			productRefGroup = DE2E300F182D9E1C001DA545 /* Products */;
			projectDirPath = "";
			projectRoot = "";
			targets = (
				DE2E300D182D9E1C001DA545 /* SquashAppBase */,
				DE2E3031182D9E1C001DA545 /* SquashAppBaseTests */,
			);
		};
/* End PBXProject section */

/* Begin PBXResourcesBuildPhase section */
		DE2E300C182D9E1C001DA545 /* Resources */ = {
			isa = PBXResourcesBuildPhase;
			buildActionMask = 2147483647;
			files = (
				DE2E302D182D9E1C001DA545 /* Images.xcassets in Resources */,
				DE2E301C182D9E1C001DA545 /* InfoPlist.strings in Resources */,
				DE2E3025182D9E1C001DA545 /* Main.storyboard in Resources */,
			);
			runOnlyForDeploymentPostprocessing = 0;
		};
		DE2E3030182D9E1C001DA545 /* Resources */ = {
			isa = PBXResourcesBuildPhase;
			buildActionMask = 2147483647;
			files = (
				DE2E303E182D9E1C001DA545 /* InfoPlist.strings in Resources */,
			);
			runOnlyForDeploymentPostprocessing = 0;
		};
/* End PBXResourcesBuildPhase section */

/* Begin PBXSourcesBuildPhase section */
		DE2E300A182D9E1C001DA545 /* Sources */ = {
			isa = PBXSourcesBuildPhase;
			buildActionMask = 2147483647;
			files = (
				DE2E301E182D9E1C001DA545 /* main.m in Sources */,
				DE2E3022182D9E1C001DA545 /* SquashAppDelegate.m in Sources */,
				DE2E302B182D9E1C001DA545 /* SquashDetailViewController.m in Sources */,
				DE2E3028182D9E1C001DA545 /* SquashMasterViewController.m in Sources */,
			);
			runOnlyForDeploymentPostprocessing = 0;
		};
		DE2E302E182D9E1C001DA545 /* Sources */ = {
			isa = PBXSourcesBuildPhase;
			buildActionMask = 2147483647;
			files = (
				DE2E3040182D9E1C001DA545 /* SquashAppBaseTests.m in Sources */,
			);
			runOnlyForDeploymentPostprocessing = 0;
		};
/* End PBXSourcesBuildPhase section */

/* Begin PBXTargetDependency section */
		DE2E3038182D9E1C001DA545 /* PBXTargetDependency */ = {
			isa = PBXTargetDependency;
			target = DE2E300D182D9E1C001DA545 /* SquashAppBase */;
			targetProxy = DE2E3037182D9E1C001DA545 /* PBXContainerItemProxy */;
		};
/* End PBXTargetDependency section */

/* Begin PBXVariantGroup section */
		DE2E301A182D9E1C001DA545 /* InfoPlist.strings */ = {
			isa = PBXVariantGroup;
			children = (
				DE2E301B182D9E1C001DA545 /* en */,
			);
			name = InfoPlist.strings;
			sourceTree = "<group>";
		};
		DE2E3023182D9E1C001DA545 /* Main.storyboard */ = {
			isa = PBXVariantGroup;
			children = (
				DE2E3024182D9E1C001DA545 /* Base */,
			);
			name = Main.storyboard;
			sourceTree = "<group>";
		};
		DE2E303C182D9E1C001DA545 /* InfoPlist.strings */ = {
			isa = PBXVariantGroup;
			children = (
				DE2E303D182D9E1C001DA545 /* en */,
			);
			name = InfoPlist.strings;
			sourceTree = "<group>";
		};
/* End PBXVariantGroup section */

/* Begin XCBuildConfiguration section */
		DE2E3041182D9E1C001DA545 /* Debug */ = {
			isa = XCBuildConfiguration;
			buildSettings = {
				ALWAYS_SEARCH_USER_PATHS = NO;
				ARCHS = "$(ARCHS_STANDARD_INCLUDING_64_BIT)";
				CLANG_CXX_LANGUAGE_STANDARD = "gnu++0x";
				CLANG_CXX_LIBRARY = "libc++";
				CLANG_ENABLE_MODULES = YES;
				CLANG_ENABLE_OBJC_ARC = YES;
				CLANG_WARN_BOOL_CONVERSION = YES;
				CLANG_WARN_CONSTANT_CONVERSION = YES;
				CLANG_WARN_DIRECT_OBJC_ISA_USAGE = YES_ERROR;
				CLANG_WARN_EMPTY_BODY = YES;
				CLANG_WARN_ENUM_CONVERSION = YES;
				CLANG_WARN_INT_CONVERSION = YES;
				CLANG_WARN_OBJC_ROOT_CLASS = YES_ERROR;
				CLANG_WARN__DUPLICATE_METHOD_MATCH = YES;
				"CODE_SIGN_IDENTITY[sdk=iphoneos*]" = "iPhone Developer";
				COPY_PHASE_STRIP = NO;
				GCC_C_LANGUAGE_STANDARD = gnu99;
				GCC_DYNAMIC_NO_PIC = NO;
				GCC_OPTIMIZATION_LEVEL = 0;
				GCC_PREPROCESSOR_DEFINITIONS = (
					"DEBUG=1",
					"$(inherited)",
				);
				GCC_SYMBOLS_PRIVATE_EXTERN = NO;
				GCC_WARN_64_TO_32_BIT_CONVERSION = YES;
				GCC_WARN_ABOUT_RETURN_TYPE = YES_ERROR;
				GCC_WARN_UNDECLARED_SELECTOR = YES;
				GCC_WARN_UNINITIALIZED_AUTOS = YES;
				GCC_WARN_UNUSED_FUNCTION = YES;
				GCC_WARN_UNUSED_VARIABLE = YES;
				IPHONEOS_DEPLOYMENT_TARGET = 7.0;
				ONLY_ACTIVE_ARCH = YES;
				SDKROOT = iphoneos;
			};
			name = Debug;
		};
		DE2E3042182D9E1C001DA545 /* Release */ = {
			isa = XCBuildConfiguration;
			buildSettings = {
				ALWAYS_SEARCH_USER_PATHS = NO;
				ARCHS = "$(ARCHS_STANDARD_INCLUDING_64_BIT)";
				CLANG_CXX_LANGUAGE_STANDARD = "gnu++0x";
				CLANG_CXX_LIBRARY = "libc++";
				CLANG_ENABLE_MODULES = YES;
				CLANG_ENABLE_OBJC_ARC = YES;
				CLANG_WARN_BOOL_CONVERSION = YES;
				CLANG_WARN_CONSTANT_CONVERSION = YES;
				CLANG_WARN_DIRECT_OBJC_ISA_USAGE = YES_ERROR;
				CLANG_WARN_EMPTY_BODY = YES;
				CLANG_WARN_ENUM_CONVERSION = YES;
				CLANG_WARN_INT_CONVERSION = YES;
				CLANG_WARN_OBJC_ROOT_CLASS = YES_ERROR;
				CLANG_WARN__DUPLICATE_METHOD_MATCH = YES;
				"CODE_SIGN_IDENTITY[sdk=iphoneos*]" = "iPhone Developer";
				COPY_PHASE_STRIP = YES;
				ENABLE_NS_ASSERTIONS = NO;
				GCC_C_LANGUAGE_STANDARD = gnu99;
				GCC_WARN_64_TO_32_BIT_CONVERSION = YES;
				GCC_WARN_ABOUT_RETURN_TYPE = YES_ERROR;
				GCC_WARN_UNDECLARED_SELECTOR = YES;
				GCC_WARN_UNINITIALIZED_AUTOS = YES;
				GCC_WARN_UNUSED_FUNCTION = YES;
				GCC_WARN_UNUSED_VARIABLE = YES;
				IPHONEOS_DEPLOYMENT_TARGET = 7.0;
				SDKROOT = iphoneos;
				VALIDATE_PRODUCT = YES;
			};
			name = Release;
		};
		DE2E3044182D9E1C001DA545 /* Debug */ = {
			isa = XCBuildConfiguration;
			buildSettings = {
				ASSETCATALOG_COMPILER_APPICON_NAME = AppIcon;
				ASSETCATALOG_COMPILER_LAUNCHIMAGE_NAME = LaunchImage;
				GCC_PRECOMPILE_PREFIX_HEADER = YES;
				GCC_PREFIX_HEADER = "SquashAppBase/SquashAppBase-Prefix.pch";
				INFOPLIST_FILE = "SquashAppBase/SquashAppBase-Info.plist";
				PRODUCT_NAME = "$(TARGET_NAME)";
				WRAPPER_EXTENSION = app;
			};
			name = Debug;
		};
		DE2E3045182D9E1C001DA545 /* Release */ = {
			isa = XCBuildConfiguration;
			buildSettings = {
				ASSETCATALOG_COMPILER_APPICON_NAME = AppIcon;
				ASSETCATALOG_COMPILER_LAUNCHIMAGE_NAME = LaunchImage;
				GCC_PRECOMPILE_PREFIX_HEADER = YES;
				GCC_PREFIX_HEADER = "SquashAppBase/SquashAppBase-Prefix.pch";
				INFOPLIST_FILE = "SquashAppBase/SquashAppBase-Info.plist";
				PRODUCT_NAME = "$(TARGET_NAME)";
				WRAPPER_EXTENSION = app;
			};
			name = Release;
		};
		DE2E3047182D9E1C001DA545 /* Debug */ = {
			isa = XCBuildConfiguration;
			buildSettings = {
				ARCHS = "$(ARCHS_STANDARD_INCLUDING_64_BIT)";
				BUNDLE_LOADER = "$(BUILT_PRODUCTS_DIR)/SquashAppBase.app/SquashAppBase";
				FRAMEWORK_SEARCH_PATHS = (
					"$(SDKROOT)/Developer/Library/Frameworks",
					"$(inherited)",
					"$(DEVELOPER_FRAMEWORKS_DIR)",
				);
				GCC_PRECOMPILE_PREFIX_HEADER = YES;
				GCC_PREFIX_HEADER = "SquashAppBase/SquashAppBase-Prefix.pch";
				GCC_PREPROCESSOR_DEFINITIONS = (
					"DEBUG=1",
					"$(inherited)",
				);
				INFOPLIST_FILE = "SquashAppBaseTests/SquashAppBaseTests-Info.plist";
				PRODUCT_NAME = "$(TARGET_NAME)";
				TEST_HOST = "$(BUNDLE_LOADER)";
				WRAPPER_EXTENSION = xctest;
			};
			name = Debug;
		};
		DE2E3048182D9E1C001DA545 /* Release */ = {
			isa = XCBuildConfiguration;
			buildSettings = {
				ARCHS = "$(ARCHS_STANDARD_INCLUDING_64_BIT)";
				BUNDLE_LOADER = "$(BUILT_PRODUCTS_DIR)/SquashAppBase.app/SquashAppBase";
				FRAMEWORK_SEARCH_PATHS = (
					"$(SDKROOT)/Developer/Library/Frameworks",
					"$(inherited)",
					"$(DEVELOPER_FRAMEWORKS_DIR)",
				);
				GCC_PRECOMPILE_PREFIX_HEADER = YES;
				GCC_PREFIX_HEADER = "SquashAppBase/SquashAppBase-Prefix.pch";
				INFOPLIST_FILE = "SquashAppBaseTests/SquashAppBaseTests-Info.plist";
				PRODUCT_NAME = "$(TARGET_NAME)";
				TEST_HOST = "$(BUNDLE_LOADER)";
				WRAPPER_EXTENSION = xctest;
			};
			name = Release;
		};
/* End XCBuildConfiguration section */

/* Begin XCConfigurationList section */
		DE2E3009182D9E1C001DA545 /* Build configuration list for PBXProject "SquashAppBase" */ = {
			isa = XCConfigurationList;
			buildConfigurations = (
				DE2E3041182D9E1C001DA545 /* Debug */,
				DE2E3042182D9E1C001DA545 /* Release */,
			);
			defaultConfigurationIsVisible = 0;
			defaultConfigurationName = Release;
		};
		DE2E3043182D9E1C001DA545 /* Build configuration list for PBXNativeTarget "SquashAppBase" */ = {
			isa = XCConfigurationList;
			buildConfigurations = (
				DE2E3044182D9E1C001DA545 /* Debug */,
				DE2E3045182D9E1C001DA545 /* Release */,
			);
			defaultConfigurationIsVisible = 0;
		};
		DE2E3046182D9E1C001DA545 /* Build configuration list for PBXNativeTarget "SquashAppBaseTests" */ = {
			isa = XCConfigurationList;
			buildConfigurations = (
				DE2E3047182D9E1C001DA545 /* Debug */,
				DE2E3048182D9E1C001DA545 /* Release */,
			);
			defaultConfigurationIsVisible = 0;
		};
/* End XCConfigurationList section */
	};
	rootObject = DE2E3006182D9E1C001DA545 /* Project object */;
}
